
Microsoft Visual Studio Solution File, Format Version 12.00
Project("{FAE04EC0-301F-11D3-BF4B-00C04F79EFBC}") = "EntityFramework.Demo", "EntityFramework.Demo\EntityFramework.Demo.csproj", "{AF5CD7DB-209F-4026-BE11-E9FEE27E53E5}"
EndProject
Global
	GlobalSection(SolutionConfigurationPlatforms) = preSolution
		Debug|Any CPU = Debug|Any CPU
		Release|Any CPU = Release|Any CPU
	EndGlobalSection
	GlobalSection(ProjectConfigurationPlatforms) = postSolution
		{AF5CD7DB-209F-4026-BE11-E9FEE27E53E5}.Debug|Any CPU.ActiveCfg = Debug|Any CPU
		{AF5CD7DB-209F-4026-BE11-E9FEE27E53E5}.Debug|Any CPU.Build.0 = Debug|Any CPU
		{AF5CD7DB-209F-4026-BE11-E9FEE27E53E5}.Release|Any CPU.ActiveCfg = Release|Any CPU
		{AF5CD7DB-209F-4026-BE11-E9FEE27E53E5}.Release|Any CPU.Build.0 = Release|Any CPU
	EndGlobalSection
EndGlobal
